
Microsoft Visual Studio Solution File, Format Version 12.00
# Visual Studio 15
VisualStudioVersion = 15.0.27130.2010
MinimumVisualStudioVersion = 10.0.40219.1
Project("{888888A0-9F3D-457C-B088-3A5042F75D52}") = "026_Hello_Python", "026_Hello_Python\026_Hello_Python.pyproj", "{2FABB6A2-CE9E-4A20-8E1A-C419EF46E7F7}"
EndProject
Global
	GlobalSection(SolutionConfigurationPlatforms) = preSolution
		Debug|Any CPU = Debug|Any CPU
		Release|Any CPU = Release|Any CPU
	EndGlobalSection
	GlobalSection(ProjectConfigurationPlatforms) = postSolution
		{2FABB6A2-CE9E-4A20-8E1A-C419EF46E7F7}.Debug|Any CPU.ActiveCfg = Debug|Any CPU
		{2FABB6A2-CE9E-4A20-8E1A-C419EF46E7F7}.Release|Any CPU.ActiveCfg = Release|Any CPU
	EndGlobalSection
	GlobalSection(SolutionProperties) = preSolution
		HideSolutionNode = FALSE
	EndGlobalSection
	GlobalSection(ExtensibilityGlobals) = postSolution
		SolutionGuid = {C249F64B-490B-4EA8-B451-3679D4177DBE}
	EndGlobalSection
EndGlobal
