
Microsoft Visual Studio Solution File, Format Version 12.00
# Visual Studio 15
VisualStudioVersion = 15.0.27130.2010
MinimumVisualStudioVersion = 10.0.40219.1
Project("{888888A0-9F3D-457C-B088-3A5042F75D52}") = "Hello_Python", "Hello_Python\Hello_Python.pyproj", "{86A7BDAC-6316-4F18-AAE1-2FD21B787B68}"
EndProject
Global
	GlobalSection(SolutionConfigurationPlatforms) = preSolution
		Debug|Any CPU = Debug|Any CPU
		Release|Any CPU = Release|Any CPU
	EndGlobalSection
	GlobalSection(ProjectConfigurationPlatforms) = postSolution
		{86A7BDAC-6316-4F18-AAE1-2FD21B787B68}.Debug|Any CPU.ActiveCfg = Debug|Any CPU
		{86A7BDAC-6316-4F18-AAE1-2FD21B787B68}.Release|Any CPU.ActiveCfg = Release|Any CPU
	EndGlobalSection
	GlobalSection(SolutionProperties) = preSolution
		HideSolutionNode = FALSE
	EndGlobalSection
	GlobalSection(ExtensibilityGlobals) = postSolution
		SolutionGuid = {388191F6-47D8-4130-A95B-24A3961EC3F0}
	EndGlobalSection
EndGlobal
