
Microsoft Visual Studio Solution File, Format Version 12.00
# Visual Studio 15
VisualStudioVersion = 15.0.27130.2010
MinimumVisualStudioVersion = 10.0.40219.1
Project("{888888A0-9F3D-457C-B088-3A5042F75D52}") = "Cracking", "Cracking\Cracking.pyproj", "{39A4117C-B44B-479B-B7D2-322D127D856B}"
EndProject
Global
	GlobalSection(SolutionConfigurationPlatforms) = preSolution
		Debug|Any CPU = Debug|Any CPU
		Release|Any CPU = Release|Any CPU
	EndGlobalSection
	GlobalSection(ProjectConfigurationPlatforms) = postSolution
		{39A4117C-B44B-479B-B7D2-322D127D856B}.Debug|Any CPU.ActiveCfg = Debug|Any CPU
		{39A4117C-B44B-479B-B7D2-322D127D856B}.Release|Any CPU.ActiveCfg = Release|Any CPU
	EndGlobalSection
	GlobalSection(SolutionProperties) = preSolution
		HideSolutionNode = FALSE
	EndGlobalSection
	GlobalSection(ExtensibilityGlobals) = postSolution
		SolutionGuid = {E15D2D4C-C51A-407E-A80B-D6D871533EDE}
	EndGlobalSection
EndGlobal
