
Microsoft Visual Studio Solution File, Format Version 12.00
# Visual Studio 15
VisualStudioVersion = 15.0.27130.2010
MinimumVisualStudioVersion = 10.0.40219.1
Project("{888888A0-9F3D-457C-B088-3A5042F75D52}") = "002_Hello_Python", "002_Hello_Python\002_Hello_Python.pyproj", "{0CDDCD12-19E1-4D1C-978B-99117749871A}"
EndProject
Global
	GlobalSection(SolutionConfigurationPlatforms) = preSolution
		Debug|Any CPU = Debug|Any CPU
		Release|Any CPU = Release|Any CPU
	EndGlobalSection
	GlobalSection(ProjectConfigurationPlatforms) = postSolution
		{0CDDCD12-19E1-4D1C-978B-99117749871A}.Debug|Any CPU.ActiveCfg = Debug|Any CPU
		{0CDDCD12-19E1-4D1C-978B-99117749871A}.Release|Any CPU.ActiveCfg = Release|Any CPU
	EndGlobalSection
	GlobalSection(SolutionProperties) = preSolution
		HideSolutionNode = FALSE
	EndGlobalSection
	GlobalSection(ExtensibilityGlobals) = postSolution
		SolutionGuid = {D7C52D27-EDB5-431F-A3C9-E83C90084D89}
	EndGlobalSection
EndGlobal
