
Microsoft Visual Studio Solution File, Format Version 12.00
# Visual Studio 15
VisualStudioVersion = 15.0.27130.2010
MinimumVisualStudioVersion = 10.0.40219.1
Project("{888888A0-9F3D-457C-B088-3A5042F75D52}") = "019_Hello_Python", "019_Hello_Python\019_Hello_Python.pyproj", "{1A18DCD0-17A7-4E99-8F90-69D6E7D81395}"
EndProject
Global
	GlobalSection(SolutionConfigurationPlatforms) = preSolution
		Debug|Any CPU = Debug|Any CPU
		Release|Any CPU = Release|Any CPU
	EndGlobalSection
	GlobalSection(ProjectConfigurationPlatforms) = postSolution
		{1A18DCD0-17A7-4E99-8F90-69D6E7D81395}.Debug|Any CPU.ActiveCfg = Debug|Any CPU
		{1A18DCD0-17A7-4E99-8F90-69D6E7D81395}.Release|Any CPU.ActiveCfg = Release|Any CPU
	EndGlobalSection
	GlobalSection(SolutionProperties) = preSolution
		HideSolutionNode = FALSE
	EndGlobalSection
	GlobalSection(ExtensibilityGlobals) = postSolution
		SolutionGuid = {5FD8B9EC-0A2B-4855-BE73-3994757FA58F}
	EndGlobalSection
EndGlobal
