
Microsoft Visual Studio Solution File, Format Version 12.00
# Visual Studio 15
VisualStudioVersion = 15.0.27130.2010
MinimumVisualStudioVersion = 10.0.40219.1
Project("{888888A0-9F3D-457C-B088-3A5042F75D52}") = "Python3_Library_Random", "Python3_Library_Random\Python3_Library_Random.pyproj", "{53E584D7-3723-48FD-9D98-F3CEBE84EDF6}"
EndProject
Global
	GlobalSection(SolutionConfigurationPlatforms) = preSolution
		Debug|Any CPU = Debug|Any CPU
		Release|Any CPU = Release|Any CPU
	EndGlobalSection
	GlobalSection(ProjectConfigurationPlatforms) = postSolution
		{53E584D7-3723-48FD-9D98-F3CEBE84EDF6}.Debug|Any CPU.ActiveCfg = Debug|Any CPU
		{53E584D7-3723-48FD-9D98-F3CEBE84EDF6}.Release|Any CPU.ActiveCfg = Release|Any CPU
	EndGlobalSection
	GlobalSection(SolutionProperties) = preSolution
		HideSolutionNode = FALSE
	EndGlobalSection
	GlobalSection(ExtensibilityGlobals) = postSolution
		SolutionGuid = {85CD2E90-FB57-495B-9597-5EE93CE94267}
	EndGlobalSection
EndGlobal
