
Microsoft Visual Studio Solution File, Format Version 12.00
# Visual Studio 15
VisualStudioVersion = 15.0.27130.2010
MinimumVisualStudioVersion = 10.0.40219.1
Project("{888888A0-9F3D-457C-B088-3A5042F75D52}") = "007_Hello_Python", "007_Hello_Python\007_Hello_Python.pyproj", "{B947773F-2322-494D-B861-20FD28EE60BA}"
EndProject
Global
	GlobalSection(SolutionConfigurationPlatforms) = preSolution
		Debug|Any CPU = Debug|Any CPU
		Release|Any CPU = Release|Any CPU
	EndGlobalSection
	GlobalSection(ProjectConfigurationPlatforms) = postSolution
		{B947773F-2322-494D-B861-20FD28EE60BA}.Debug|Any CPU.ActiveCfg = Debug|Any CPU
		{B947773F-2322-494D-B861-20FD28EE60BA}.Release|Any CPU.ActiveCfg = Release|Any CPU
	EndGlobalSection
	GlobalSection(SolutionProperties) = preSolution
		HideSolutionNode = FALSE
	EndGlobalSection
	GlobalSection(ExtensibilityGlobals) = postSolution
		SolutionGuid = {1939E224-93EA-4D81-AD35-03946899F992}
	EndGlobalSection
EndGlobal
