
Microsoft Visual Studio Solution File, Format Version 12.00
# Visual Studio 15
VisualStudioVersion = 15.0.27130.2010
MinimumVisualStudioVersion = 10.0.40219.1
Project("{888888A0-9F3D-457C-B088-3A5042F75D52}") = "009_Hello_Python", "009_Hello_Python\009_Hello_Python.pyproj", "{5380EF1B-C16E-479F-98B4-5D87CA585FED}"
EndProject
Global
	GlobalSection(SolutionConfigurationPlatforms) = preSolution
		Debug|Any CPU = Debug|Any CPU
		Release|Any CPU = Release|Any CPU
	EndGlobalSection
	GlobalSection(ProjectConfigurationPlatforms) = postSolution
		{5380EF1B-C16E-479F-98B4-5D87CA585FED}.Debug|Any CPU.ActiveCfg = Debug|Any CPU
		{5380EF1B-C16E-479F-98B4-5D87CA585FED}.Release|Any CPU.ActiveCfg = Release|Any CPU
	EndGlobalSection
	GlobalSection(SolutionProperties) = preSolution
		HideSolutionNode = FALSE
	EndGlobalSection
	GlobalSection(ExtensibilityGlobals) = postSolution
		SolutionGuid = {79093666-60D4-4373-A81C-8122D47830B7}
	EndGlobalSection
EndGlobal
