
Microsoft Visual Studio Solution File, Format Version 12.00
# Visual Studio 15
VisualStudioVersion = 15.0.27130.2010
MinimumVisualStudioVersion = 10.0.40219.1
Project("{888888A0-9F3D-457C-B088-3A5042F75D52}") = "013_Hello_Python", "013_Hello_Python\013_Hello_Python.pyproj", "{4A42F5E2-A7C4-4CEC-A085-ADF9C796FFFF}"
EndProject
Global
	GlobalSection(SolutionConfigurationPlatforms) = preSolution
		Debug|Any CPU = Debug|Any CPU
		Release|Any CPU = Release|Any CPU
	EndGlobalSection
	GlobalSection(ProjectConfigurationPlatforms) = postSolution
		{4A42F5E2-A7C4-4CEC-A085-ADF9C796FFFF}.Debug|Any CPU.ActiveCfg = Debug|Any CPU
		{4A42F5E2-A7C4-4CEC-A085-ADF9C796FFFF}.Release|Any CPU.ActiveCfg = Release|Any CPU
	EndGlobalSection
	GlobalSection(SolutionProperties) = preSolution
		HideSolutionNode = FALSE
	EndGlobalSection
	GlobalSection(ExtensibilityGlobals) = postSolution
		SolutionGuid = {DDCD433C-98A3-4F28-A8A3-638DEFFFC0A5}
	EndGlobalSection
EndGlobal
