
Microsoft Visual Studio Solution File, Format Version 12.00
# Visual Studio 15
VisualStudioVersion = 15.0.27130.2010
MinimumVisualStudioVersion = 10.0.40219.1
Project("{888888A0-9F3D-457C-B088-3A5042F75D52}") = "020_Hello_Python", "020_Hello_Python\020_Hello_Python.pyproj", "{7B3A222C-5BCF-442F-85B5-BB5957CC9550}"
EndProject
Global
	GlobalSection(SolutionConfigurationPlatforms) = preSolution
		Debug|Any CPU = Debug|Any CPU
		Release|Any CPU = Release|Any CPU
	EndGlobalSection
	GlobalSection(ProjectConfigurationPlatforms) = postSolution
		{7B3A222C-5BCF-442F-85B5-BB5957CC9550}.Debug|Any CPU.ActiveCfg = Debug|Any CPU
		{7B3A222C-5BCF-442F-85B5-BB5957CC9550}.Release|Any CPU.ActiveCfg = Release|Any CPU
	EndGlobalSection
	GlobalSection(SolutionProperties) = preSolution
		HideSolutionNode = FALSE
	EndGlobalSection
	GlobalSection(ExtensibilityGlobals) = postSolution
		SolutionGuid = {58C93388-88ED-45CE-8A55-6CB0440DC854}
	EndGlobalSection
EndGlobal
